# THIS IS AN AUTOGENERATED FILE. DO NOT EDIT THIS FILE DIRECTLY.
# yarn lockfile v1


"@types/hoist-non-react-statics@*":
  version "3.3.1"
  resolved "https://registry.yarnpkg.com/@types/hoist-non-react-statics/-/hoist-non-react-statics-3.3.1.tgz#1124aafe5118cb591977aeb1ceaaed1070eb039f"
  integrity sha512-iMIqiko6ooLrTh1joXodJK5X9xeEALT1kM5G3ZLhD3hszxBdIEd5C75U834D9mLcINgD4OyZf5uQXjkuYydWvA==
  dependencies:
    "@types/react" "*"
    hoist-non-react-statics "^3.3.0"

"@types/prop-types@*":
  version "15.7.4"
  resolved "https://registry.yarnpkg.com/@types/prop-types/-/prop-types-15.7.4.tgz#fcf7205c25dff795ee79af1e30da2c9790808f11"
  integrity sha512-rZ5drC/jWjrArrS8BR6SIr4cWpW09RNTYt9AMZo3Jwwif+iacXAqgVjm0B0Bv/S1jhDXKHqRVNCbACkJ89RAnQ==

"@types/react-native@*":
  version "0.64.13"
  resolved "https://registry.yarnpkg.com/@types/react-native/-/react-native-0.64.13.tgz#9e57b85631380b75979a09f5a97e1884299e8d5a"
  integrity sha512-QSOBN6m3TKBPFAcDhuFItDQtw1Fo1/FKDTHGeyeTwBXd3bu0V9s+oHEhntHN7PUK5dAOYFWsnO0wynWwS/KRxQ==
  dependencies:
    "@types/react" "*"

"@types/react-native@~0.63.2":
  version "0.63.53"
  resolved "https://registry.yarnpkg.com/@types/react-native/-/react-native-0.63.53.tgz#776dc1b05d649cb41b05fdff06e41ab9066538ca"
  integrity sha512-hfUYHlfuy436viNct5uYNh2y40iWl1+iWhAQ18vzoKtyeW4WLNyccZf6OfkJdkqkHyH+bgvHLhbmnocpnQeKXg==
  dependencies:
    "@types/react" "*"

"@types/react@*", "@types/react@~17.0.19":
  version "17.0.19"
  resolved "https://registry.yarnpkg.com/@types/react/-/react-17.0.19.tgz#8f2a85e8180a43b57966b237d26a29481dacc991"
  integrity sha512-sX1HisdB1/ZESixMTGnMxH9TDe8Sk709734fEQZzCV/4lSu9kJCPbo2PbTRoZM+53Pp0P10hYVyReUueGwUi4A==
  dependencies:
    "@types/prop-types" "*"
    "@types/scheduler" "*"
    csstype "^3.0.2"

"@types/scheduler@*":
  version "0.16.2"
  resolved "https://registry.yarnpkg.com/@types/scheduler/-/scheduler-0.16.2.tgz#1a62f89525723dde24ba1b01b092bf5df8ad4d39"
  integrity sha512-hppQEBDmlwhFAXKJX2KnWLYu5yMfi91yazPb2l+lbJiwW+wdo1gNeRA+3RgNSO39WYX2euey41KEwnqesU2Jew==

"@types/styled-components-react-native@^5.1.1":
  version "5.1.1"
  resolved "https://registry.yarnpkg.com/@types/styled-components-react-native/-/styled-components-react-native-5.1.1.tgz#dcee7171b3844ce00a8303d8f5fcaeae7b25915d"
  integrity sha512-1CJvTkaTb9YJXjmecZAZNyMHlvGdNtunRrOeyaXYdOzLKgwABIeEcZiO/TKT7CAzLdgPwBUj5Z4ixe4Vk5ndlw==
  dependencies:
    "@types/react" "*"
    "@types/react-native" "*"
    "@types/styled-components" "*"

"@types/styled-components@*", "@types/styled-components@^5.1.12":
  version "5.1.13"
  resolved "https://registry.yarnpkg.com/@types/styled-components/-/styled-components-5.1.13.tgz#a2906b68c2c6c811996216983b74ca02e22c6c34"
  integrity sha512-nIIsiQ+Ag/4xnYf9mhzO3zIZ/zOmKN6HImEZifKh2TLibYz8OudzJbvzDu1uvMfX/+bs0B0RDPB2OIcbrrptVQ==
  dependencies:
    "@types/hoist-non-react-statics" "*"
    "@types/react" "*"
    csstype "^3.0.2"

csstype@^3.0.2:
  version "3.0.8"
  resolved "https://registry.yarnpkg.com/csstype/-/csstype-3.0.8.tgz#d2266a792729fb227cd216fb572f43728e1ad340"
  integrity sha512-jXKhWqXPmlUeoQnF/EhTtTl4C9SnrxSH/jZUih3jmO6lBKr99rP3/+FmrMj4EFpOXzMtXHAZkd3x0E6h6Fgflw==

hoist-non-react-statics@^3.3.0:
  version "3.3.2"
  resolved "https://registry.yarnpkg.com/hoist-non-react-statics/-/hoist-non-react-statics-3.3.2.tgz#ece0acaf71d62c2969c2ec59feff42a4b1a85b45"
  integrity sha512-/gGivxi8JPKWNm/W0jSmzcMPpfpPLc3dY/6GxhX2hQ9iGj3aDfklV4ET7NjKpSinLpJ5vafa9iiGIEZg10SfBw==
  dependencies:
    react-is "^16.7.0"

react-is@^16.7.0:
  version "16.13.1"
  resolved "https://registry.yarnpkg.com/react-is/-/react-is-16.13.1.tgz#789729a4dc36de2999dc156dd6c1d9c18cea56a4"
  integrity sha512-24e6ynE2H+OKt4kqsOvNd8kBpV65zoxbA4BVsEOB3ARVWQki/DHzaUoC5KuON/BiccDaCCTZBuOcfZs70kR8bQ==
